<Solution>
  <Folder Name="/Backend/">
    <Project Path="Backend/BarkCloud.Configuration/BarkCloud.Configuration.csproj" />
    <Project Path="Backend/BarkCloud.Files/BarkCloud.Files.csproj" />
    <Project Path="Backend/BarkCloud.GrpcServer/BarkCloud.GrpcServer.csproj" />
    <Project Path="Backend/BarkCloud.Identity/BarkCloud.Identity.csproj" />
    <Project Path="Backend/BarkCloud.Notification/BarkCloud.Notification.csproj" />
    <Project Path="Backend/BarkCloud.Users/BarkCloud.Users.csproj" />
    <Project Path="Backend/BarkCloud.Web/BarkCloud.Web.csproj" Id="cdc48aaa-a672-4432-97e4-d3f3b4065687" />
  </Folder>
  <Folder Name="/Shared/">
    <Project Path="Shared/BarkCloud.Proto/BarkCloud.Proto.csproj" />
    <Project Path="Shared/BarkCloud.Shared.Auth/BarkCloud.Shared.Auth.csproj" />
    <Project Path="Shared/BarkCloud.Shared.Exceptions/BarkCloud.Shared.Exceptions.csproj" />
    <Project Path="Shared/BarkCloud.Shared.Identity/BarkCloud.Shared.Identity.csproj" />
    <Project Path="Shared/BarkCloud.Shared.Queue/BarkCloud.Shared.Queue.csproj" />
    <Project Path="Shared/BarkCloud.Shared.SecurityUtilities/BarkCloud.Shared.SecurityUtilities.csproj" />
  </Folder>
  <Folder Name="/Tests/">
    <Project Path="Tests/BarkCloud.TestKit/BarkCloud.TestKit.csproj" />
  </Folder>
  <Folder Name="/Tests/Backend/">
    <Project Path="Tests/Backend/BarkCloud.Configuration.Tests/BarkCloud.Configuration.Tests.csproj" />
    <Project Path="Tests/Backend/BarkCloud.Files.Tests/BarkCloud.Files.Tests.csproj" />
    <Project Path="Tests/Backend/BarkCloud.GrpcServer.Tests/BarkCloud.GrpcServer.Tests.csproj" />
    <Project Path="Tests/Backend/BarkCloud.Identity.Tests/BarkCloud.Identity.Tests.csproj" />
    <Project Path="Tests/Backend/BarkCloud.Notification.Tests/BarkCloud.Notification.Tests.csproj" />
    <Project Path="Tests/Backend/BarkCloud.Users.Tests/BarkCloud.Users.Tests.csproj" />
    <Project Path="Tests/Backend/BarkCloud.Web.Tests/BarkCloud.Web.Tests.csproj" />
  </Folder>
  <Folder Name="/Tests/Shared/">
    <Project Path="Tests/Shared/BarkCloud.Shared.Auth.Tests/BarkCloud.Shared.Auth.Tests.csproj" />
    <Project Path="Tests/Shared/BarkCloud.Shared.Exceptions.Tests/BarkCloud.Shared.Exceptions.Tests.csproj" />
    <Project Path="Tests/Shared/BarkCloud.Shared.Identity.Tests/BarkCloud.Shared.Identity.Tests.csproj" />
    <Project Path="Tests/Shared/BarkCloud.Shared.Queue.Tests/BarkCloud.Shared.Queue.Tests.csproj" />
    <Project Path="Tests/Shared/BarkCloud.Shared.SecurityUtilities.Tests/BarkCloud.Shared.SecurityUtilities.Tests.csproj" />
  </Folder>
  <Project Path="Drive/BarkCloud.Drive.App/BarkCloud.Drive.App.csproj" />
  <Project Path="Drive/BarkCloud.Drive.Contracts/BarkCloud.Drive.Contracts.csproj" />
  <Project Path="Drive/BarkCloud.Drive.Engine/BarkCloud.Drive.Engine.csproj" />
</Solution>
